
Microsoft Visual Studio Solution File, Format Version 12.00
Project("{2150E333-8FDC-42A3-9474-1A3956D46DE8}") = "src", "src", "{5080191D-8122-4E5F-A708-6367C3A2294A}"
EndProject
Project("{FAE04EC0-301F-11D3-BF4B-00C04F79EFBC}") = "Hsu.Sg.Sync", "src\sync\Hsu.Sg.Sync\Hsu.Sg.Sync.csproj", "{7102AD21-DCD1-4590-83B8-758BA78CCE53}"
EndProject
Project("{2150E333-8FDC-42A3-9474-1A3956D46DE8}") = "sync", "sync", "{EE219947-6D44-4A86-A164-FAE9D932A6BE}"
EndProject
Project("{FAE04EC0-301F-11D3-BF4B-00C04F79EFBC}") = "Hsu.Sg.Sync.Tests", "src\sync\Hsu.Sg.Sync.Tests\Hsu.Sg.Sync.Tests.csproj", "{65BD46E1-DFE2-447E-8313-A54D68CFCE2B}"
EndProject
Project("{2150E333-8FDC-42A3-9474-1A3956D46DE8}") = "proxy", "proxy", "{F6F8829C-BB62-4A98-8FE0-F582E86128C6}"
EndProject
Project("{FAE04EC0-301F-11D3-BF4B-00C04F79EFBC}") = "Hsu.Sg.Proxy", "src\proxy\Hsu.Sg.Proxy\Hsu.Sg.Proxy.csproj", "{3E843D21-7906-4390-9A22-73CDE550E478}"
EndProject
Project("{FAE04EC0-301F-11D3-BF4B-00C04F79EFBC}") = "Hsu.Sg.Proxy.Tests", "src\proxy\Hsu.Sg.Proxy.Tests\Hsu.Sg.Proxy.Tests.csproj", "{61D3F467-0A2B-4FC4-8824-239E9DB4ACC8}"
EndProject
Project("{2150E333-8FDC-42A3-9474-1A3956D46DE8}") = "fluent-member", "fluent-member", "{D57B4BC6-5E25-4474-9DC3-632746DE8B28}"
EndProject
Project("{FAE04EC0-301F-11D3-BF4B-00C04F79EFBC}") = "Hsu.Sg.FluentMember", "src\fluent-member\Hsu.Sg.FluentMember\Hsu.Sg.FluentMember.csproj", "{4B0FC56F-2A30-4AFD-82F1-1D48849616BD}"
EndProject
Project("{2150E333-8FDC-42A3-9474-1A3956D46DE8}") = "shared", "shared", "{4F7AEB0A-FBC2-4F8C-93A3-7CD7ABBBF8ED}"
EndProject
Project("{D954291E-2A0B-460D-934E-DC6B0785DB48}") = "Hsu.Sg.Shared", "src\shared\Hsu.Sg.Shared\Hsu.Sg.Shared.shproj", "{94BAEC6C-A7D1-483E-8D14-E0D2178741DD}"
EndProject
Project("{FAE04EC0-301F-11D3-BF4B-00C04F79EFBC}") = "Hsu.Sg.FluentMember.Tests", "src\fluent-member\Hsu.Sg.FluentMember.Tests\Hsu.Sg.FluentMember.Tests.csproj", "{296F0B94-43FD-4273-A35A-AB5949335C1D}"
EndProject
Project("{9A19103F-16F7-4668-BE54-9A1E7A4F7556}") = "NukeBuild", "nuke\NukeBuild.csproj", "{B2CD4366-1DF1-440F-820F-55ED8E3F7E0D}"
EndProject
Project("{2150E333-8FDC-42A3-9474-1A3956D46DE8}") = "nuke", "nuke", "{7CA55552-3986-4622-83D1-2BE38EB0AD35}"
EndProject
Global
	GlobalSection(SolutionConfigurationPlatforms) = preSolution
		Debug|Any CPU = Debug|Any CPU
		Release|Any CPU = Release|Any CPU
	EndGlobalSection
	GlobalSection(NestedProjects) = preSolution
		{EE219947-6D44-4A86-A164-FAE9D932A6BE} = {5080191D-8122-4E5F-A708-6367C3A2294A}
		{7102AD21-DCD1-4590-83B8-758BA78CCE53} = {EE219947-6D44-4A86-A164-FAE9D932A6BE}
		{65BD46E1-DFE2-447E-8313-A54D68CFCE2B} = {EE219947-6D44-4A86-A164-FAE9D932A6BE}
		{F6F8829C-BB62-4A98-8FE0-F582E86128C6} = {5080191D-8122-4E5F-A708-6367C3A2294A}
		{3E843D21-7906-4390-9A22-73CDE550E478} = {F6F8829C-BB62-4A98-8FE0-F582E86128C6}
		{61D3F467-0A2B-4FC4-8824-239E9DB4ACC8} = {F6F8829C-BB62-4A98-8FE0-F582E86128C6}
		{D57B4BC6-5E25-4474-9DC3-632746DE8B28} = {5080191D-8122-4E5F-A708-6367C3A2294A}
		{4B0FC56F-2A30-4AFD-82F1-1D48849616BD} = {D57B4BC6-5E25-4474-9DC3-632746DE8B28}
		{4F7AEB0A-FBC2-4F8C-93A3-7CD7ABBBF8ED} = {5080191D-8122-4E5F-A708-6367C3A2294A}
		{94BAEC6C-A7D1-483E-8D14-E0D2178741DD} = {4F7AEB0A-FBC2-4F8C-93A3-7CD7ABBBF8ED}
		{296F0B94-43FD-4273-A35A-AB5949335C1D} = {D57B4BC6-5E25-4474-9DC3-632746DE8B28}
		{B2CD4366-1DF1-440F-820F-55ED8E3F7E0D} = {7CA55552-3986-4622-83D1-2BE38EB0AD35}
	EndGlobalSection
	GlobalSection(ProjectConfigurationPlatforms) = postSolution
		{B2CD4366-1DF1-440F-820F-55ED8E3F7E0D}.Debug|Any CPU.ActiveCfg = Debug|Any CPU
		{B2CD4366-1DF1-440F-820F-55ED8E3F7E0D}.Release|Any CPU.ActiveCfg = Release|Any CPU
		{7102AD21-DCD1-4590-83B8-758BA78CCE53}.Debug|Any CPU.ActiveCfg = Debug|Any CPU
		{7102AD21-DCD1-4590-83B8-758BA78CCE53}.Debug|Any CPU.Build.0 = Debug|Any CPU
		{7102AD21-DCD1-4590-83B8-758BA78CCE53}.Release|Any CPU.ActiveCfg = Release|Any CPU
		{7102AD21-DCD1-4590-83B8-758BA78CCE53}.Release|Any CPU.Build.0 = Release|Any CPU
		{65BD46E1-DFE2-447E-8313-A54D68CFCE2B}.Debug|Any CPU.ActiveCfg = Debug|Any CPU
		{65BD46E1-DFE2-447E-8313-A54D68CFCE2B}.Debug|Any CPU.Build.0 = Debug|Any CPU
		{65BD46E1-DFE2-447E-8313-A54D68CFCE2B}.Release|Any CPU.ActiveCfg = Release|Any CPU
		{65BD46E1-DFE2-447E-8313-A54D68CFCE2B}.Release|Any CPU.Build.0 = Release|Any CPU
		{3E843D21-7906-4390-9A22-73CDE550E478}.Debug|Any CPU.ActiveCfg = Debug|Any CPU
		{3E843D21-7906-4390-9A22-73CDE550E478}.Debug|Any CPU.Build.0 = Debug|Any CPU
		{3E843D21-7906-4390-9A22-73CDE550E478}.Release|Any CPU.ActiveCfg = Release|Any CPU
		{3E843D21-7906-4390-9A22-73CDE550E478}.Release|Any CPU.Build.0 = Release|Any CPU
		{61D3F467-0A2B-4FC4-8824-239E9DB4ACC8}.Debug|Any CPU.ActiveCfg = Debug|Any CPU
		{61D3F467-0A2B-4FC4-8824-239E9DB4ACC8}.Debug|Any CPU.Build.0 = Debug|Any CPU
		{61D3F467-0A2B-4FC4-8824-239E9DB4ACC8}.Release|Any CPU.ActiveCfg = Release|Any CPU
		{61D3F467-0A2B-4FC4-8824-239E9DB4ACC8}.Release|Any CPU.Build.0 = Release|Any CPU
		{4B0FC56F-2A30-4AFD-82F1-1D48849616BD}.Debug|Any CPU.ActiveCfg = Debug|Any CPU
		{4B0FC56F-2A30-4AFD-82F1-1D48849616BD}.Debug|Any CPU.Build.0 = Debug|Any CPU
		{4B0FC56F-2A30-4AFD-82F1-1D48849616BD}.Release|Any CPU.ActiveCfg = Release|Any CPU
		{4B0FC56F-2A30-4AFD-82F1-1D48849616BD}.Release|Any CPU.Build.0 = Release|Any CPU
		{296F0B94-43FD-4273-A35A-AB5949335C1D}.Debug|Any CPU.ActiveCfg = Debug|Any CPU
		{296F0B94-43FD-4273-A35A-AB5949335C1D}.Debug|Any CPU.Build.0 = Debug|Any CPU
		{296F0B94-43FD-4273-A35A-AB5949335C1D}.Release|Any CPU.ActiveCfg = Release|Any CPU
		{296F0B94-43FD-4273-A35A-AB5949335C1D}.Release|Any CPU.Build.0 = Release|Any CPU
	EndGlobalSection
EndGlobal
